// !$*UTF8*$!
{
	archiveVersion = 1;
	classes = {
	};
	objectVersion = 56;
	objects = {

/* Begin PBXBuildFile section */
		320AD1F02CAFC9C1003A852B /* AppDelegate.swift in Sources */ = {isa = PBXBuildFile; fileRef = 320AD1EF2CAFC9C1003A852B /* AppDelegate.swift */; };
		320AD1F22CAFC9C1003A852B /* SceneDelegate.swift in Sources */ = {isa = PBXBuildFile; fileRef = 320AD1F12CAFC9C1003A852B /* SceneDelegate.swift */; };
		320AD1F72CAFC9C2003A852B /* Base in Resources */ = {isa = PBXBuildFile; fileRef = 320AD1F62CAFC9C2003A852B /* Base */; };
		320AD1F92CAFC9C4003A852B /* Assets.xcassets in Resources */ = {isa = PBXBuildFile; fileRef = 320AD1F82CAFC9C4003A852B /* Assets.xcassets */; };
		320AD1FC2CAFC9C4003A852B /* Base in Resources */ = {isa = PBXBuildFile; fileRef = 320AD1FB2CAFC9C4003A852B /* Base */; };
		320AD2112CAFC9C5003A852B /* YourWeatherUITests.swift in Sources */ = {isa = PBXBuildFile; fileRef = 320AD2102CAFC9C5003A852B /* YourWeatherUITests.swift */; };
		320AD2132CAFC9C5003A852B /* YourWeatherUITestsLaunchTests.swift in Sources */ = {isa = PBXBuildFile; fileRef = 320AD2122CAFC9C5003A852B /* YourWeatherUITestsLaunchTests.swift */; };
		320AD2212CAFCD29003A852B /* Alamofire in Frameworks */ = {isa = PBXBuildFile; productRef = 320AD2202CAFCD29003A852B /* Alamofire */; };
		320AD2262CAFCD76003A852B /* SnapKit in Frameworks */ = {isa = PBXBuildFile; productRef = 320AD2252CAFCD76003A852B /* SnapKit */; };
		320AD22B2CAFCE8E003A852B /* RxBlocking in Frameworks */ = {isa = PBXBuildFile; productRef = 320AD22A2CAFCE8E003A852B /* RxBlocking */; };
		320AD22F2CAFCE8E003A852B /* RxCocoa in Frameworks */ = {isa = PBXBuildFile; productRef = 320AD22E2CAFCE8E003A852B /* RxCocoa */; };
		320AD2332CAFCE8E003A852B /* RxRelay in Frameworks */ = {isa = PBXBuildFile; productRef = 320AD2322CAFCE8E003A852B /* RxRelay */; };
		320AD2362CAFD09A003A852B /* WeatherAPIURLConvertible.swift in Sources */ = {isa = PBXBuildFile; fileRef = 320AD2352CAFD09A003A852B /* WeatherAPIURLConvertible.swift */; };
		320AD23A2CAFD237003A852B /* NetworkLogger.swift in Sources */ = {isa = PBXBuildFile; fileRef = 320AD2392CAFD237003A852B /* NetworkLogger.swift */; };
		320AD2412CAFE473003A852B /* WeatherRequest.swift in Sources */ = {isa = PBXBuildFile; fileRef = 320AD2402CAFE473003A852B /* WeatherRequest.swift */; };
		320AD2432CAFE67E003A852B /* WeatherAPIService.swift in Sources */ = {isa = PBXBuildFile; fileRef = 320AD2422CAFE67E003A852B /* WeatherAPIService.swift */; };
		320AD24B2CB036F7003A852B /* RootViewController.swift in Sources */ = {isa = PBXBuildFile; fileRef = 320AD24A2CB036F7003A852B /* RootViewController.swift */; };
		320AD24D2CB0373D003A852B /* WeatherViewController.swift in Sources */ = {isa = PBXBuildFile; fileRef = 320AD24C2CB0373D003A852B /* WeatherViewController.swift */; };
		320AD24F2CB03E6C003A852B /* WeatherDataViewModel.swift in Sources */ = {isa = PBXBuildFile; fileRef = 320AD24E2CB03E6C003A852B /* WeatherDataViewModel.swift */; };
		320AD2512CB0BD92003A852B /* SearchViewController.swift in Sources */ = {isa = PBXBuildFile; fileRef = 320AD2502CB0BD91003A852B /* SearchViewController.swift */; };
		329E633B2CB3C0A500101699 /* Date+.swift in Sources */ = {isa = PBXBuildFile; fileRef = 329E633A2CB3C0A500101699 /* Date+.swift */; };
		329E633F2CB3FA0800101699 /* CitySearchViewModel.swift in Sources */ = {isa = PBXBuildFile; fileRef = 329E633E2CB3FA0800101699 /* CitySearchViewModel.swift */; };
		329E63412CB3FAC300101699 /* SearchView.swift in Sources */ = {isa = PBXBuildFile; fileRef = 329E63402CB3FAC300101699 /* SearchView.swift */; };
		329E63462CB403E500101699 /* CustomCityCell.swift in Sources */ = {isa = PBXBuildFile; fileRef = 329E63452CB403E500101699 /* CustomCityCell.swift */; };
		329E63482CB40F6E00101699 /* SearchBar.swift in Sources */ = {isa = PBXBuildFile; fileRef = 329E63472CB40F6800101699 /* SearchBar.swift */; };
		329E634B2CB427F500101699 /* citylist.json in Resources */ = {isa = PBXBuildFile; fileRef = 329E634A2CB427F500101699 /* citylist.json */; };
		329E634D2CB42B0C00101699 /* CityList.swift in Sources */ = {isa = PBXBuildFile; fileRef = 329E634C2CB42B0700101699 /* CityList.swift */; };
		329E63512CB53EFD00101699 /* GridWeatherCellView.swift in Sources */ = {isa = PBXBuildFile; fileRef = 329E63502CB53EFD00101699 /* GridWeatherCellView.swift */; };
		329E63532CB5410300101699 /* GridWeatherView.swift in Sources */ = {isa = PBXBuildFile; fileRef = 329E63522CB5410300101699 /* GridWeatherView.swift */; };
		329E63552CB6364A00101699 /* WeatherDataViewModelTests.swift in Sources */ = {isa = PBXBuildFile; fileRef = 329E63542CB6364A00101699 /* WeatherDataViewModelTests.swift */; };
		329E63582CB6386F00101699 /* RxTest in Frameworks */ = {isa = PBXBuildFile; productRef = 329E63572CB6386F00101699 /* RxTest */; };
		329E635A2CB6387600101699 /* RxSwift in Frameworks */ = {isa = PBXBuildFile; productRef = 329E63592CB6387600101699 /* RxSwift */; };
		329E635D2CB6584500101699 /* CollectionBinder.swift in Sources */ = {isa = PBXBuildFile; fileRef = 329E635C2CB6584500101699 /* CollectionBinder.swift */; };
		329E635F2CB6CA8600101699 /* FullWeatherData.swift in Sources */ = {isa = PBXBuildFile; fileRef = 329E635E2CB6CA8600101699 /* FullWeatherData.swift */; };
		329E63612CB6F14E00101699 /* WeatherViewFactory.swift in Sources */ = {isa = PBXBuildFile; fileRef = 329E63602CB6F14E00101699 /* WeatherViewFactory.swift */; };
		329E63632CB6F18B00101699 /* WeatherCollectionViewDataSource.swift in Sources */ = {isa = PBXBuildFile; fileRef = 329E63622CB6F18B00101699 /* WeatherCollectionViewDataSource.swift */; };
		32C5C0902CB109E100B5D861 /* WeatherView.swift in Sources */ = {isa = PBXBuildFile; fileRef = 32C5C08F2CB109E100B5D861 /* WeatherView.swift */; };
		32C5C0922CB12CE100B5D861 /* CityTodayInfoCell.swift in Sources */ = {isa = PBXBuildFile; fileRef = 32C5C0912CB12CE100B5D861 /* CityTodayInfoCell.swift */; };
		32C5C0942CB181D900B5D861 /* WeatherModel.swift in Sources */ = {isa = PBXBuildFile; fileRef = 32C5C0932CB181D900B5D861 /* WeatherModel.swift */; };
		32C5C0982CB1924500B5D861 /* FiveDayInfoCell.swift in Sources */ = {isa = PBXBuildFile; fileRef = 32C5C0972CB1924500B5D861 /* FiveDayInfoCell.swift */; };
		32C5C09B2CB192E700B5D861 /* HourlyWeatherCell.swift in Sources */ = {isa = PBXBuildFile; fileRef = 32C5C09A2CB192E700B5D861 /* HourlyWeatherCell.swift */; };
		32C5C09D2CB1931F00B5D861 /* MapViewCell.swift in Sources */ = {isa = PBXBuildFile; fileRef = 32C5C09C2CB1931E00B5D861 /* MapViewCell.swift */; };
		32C5C0A12CB2968100B5D861 /* UIColor+.swift in Sources */ = {isa = PBXBuildFile; fileRef = 32C5C0A02CB2968100B5D861 /* UIColor+.swift */; };
		32C5C0A32CB2A4E500B5D861 /* SearchCity.swift in Sources */ = {isa = PBXBuildFile; fileRef = 32C5C0A22CB2A4E500B5D861 /* SearchCity.swift */; };
		32C5C0A52CB2C2FE00B5D861 /* APIClient.swift in Sources */ = {isa = PBXBuildFile; fileRef = 32C5C0A42CB2C2FE00B5D861 /* APIClient.swift */; };
/* End PBXBuildFile section */

/* Begin PBXContainerItemProxy section */
		320AD2032CAFC9C5003A852B /* PBXContainerItemProxy */ = {
			isa = PBXContainerItemProxy;
			containerPortal = 320AD1E42CAFC9C1003A852B /* Project object */;
			proxyType = 1;
			remoteGlobalIDString = 320AD1EB2CAFC9C1003A852B;
			remoteInfo = YourWeather;
		};
		320AD20D2CAFC9C5003A852B /* PBXContainerItemProxy */ = {
			isa = PBXContainerItemProxy;
			containerPortal = 320AD1E42CAFC9C1003A852B /* Project object */;
			proxyType = 1;
			remoteGlobalIDString = 320AD1EB2CAFC9C1003A852B;
			remoteInfo = YourWeather;
		};
/* End PBXContainerItemProxy section */

/* Begin PBXFileReference section */
		3208674C2CB3766800970DA0 /* Untitled.swift */ = {isa = PBXFileReference; lastKnownFileType = sourcecode.swift; path = Untitled.swift; sourceTree = "<group>"; };
		3208674D2CB376A300970DA0 /* Secrets.xcconfig */ = {isa = PBXFileReference; lastKnownFileType = text.xcconfig; path = Secrets.xcconfig; sourceTree = "<group>"; };
		320AD1EC2CAFC9C1003A852B /* WeatherSearch.app */ = {isa = PBXFileReference; explicitFileType = wrapper.application; includeInIndex = 0; path = WeatherSearch.app; sourceTree = BUILT_PRODUCTS_DIR; };
		320AD1EF2CAFC9C1003A852B /* AppDelegate.swift */ = {isa = PBXFileReference; lastKnownFileType = sourcecode.swift; path = AppDelegate.swift; sourceTree = "<group>"; };
		320AD1F12CAFC9C1003A852B /* SceneDelegate.swift */ = {isa = PBXFileReference; lastKnownFileType = sourcecode.swift; path = SceneDelegate.swift; sourceTree = "<group>"; };
		320AD1F62CAFC9C2003A852B /* Base */ = {isa = PBXFileReference; lastKnownFileType = file.storyboard; name = Base; path = Base.lproj/Main.storyboard; sourceTree = "<group>"; };
		320AD1F82CAFC9C4003A852B /* Assets.xcassets */ = {isa = PBXFileReference; lastKnownFileType = folder.assetcatalog; path = Assets.xcassets; sourceTree = "<group>"; };
		320AD1FB2CAFC9C4003A852B /* Base */ = {isa = PBXFileReference; lastKnownFileType = file.storyboard; name = Base; path = Base.lproj/LaunchScreen.storyboard; sourceTree = "<group>"; };
		320AD1FD2CAFC9C4003A852B /* Info.plist */ = {isa = PBXFileReference; lastKnownFileType = text.plist.xml; path = Info.plist; sourceTree = "<group>"; };
		320AD2022CAFC9C5003A852B /* WeatherSearchTests.xctest */ = {isa = PBXFileReference; explicitFileType = wrapper.cfbundle; includeInIndex = 0; path = WeatherSearchTests.xctest; sourceTree = BUILT_PRODUCTS_DIR; };
		320AD20C2CAFC9C5003A852B /* WeatherSearchUITests.xctest */ = {isa = PBXFileReference; explicitFileType = wrapper.cfbundle; includeInIndex = 0; path = WeatherSearchUITests.xctest; sourceTree = BUILT_PRODUCTS_DIR; };
		320AD2102CAFC9C5003A852B /* YourWeatherUITests.swift */ = {isa = PBXFileReference; lastKnownFileType = sourcecode.swift; path = YourWeatherUITests.swift; sourceTree = "<group>"; };
		320AD2122CAFC9C5003A852B /* YourWeatherUITestsLaunchTests.swift */ = {isa = PBXFileReference; lastKnownFileType = sourcecode.swift; path = YourWeatherUITestsLaunchTests.swift; sourceTree = "<group>"; };
		320AD2352CAFD09A003A852B /* WeatherAPIURLConvertible.swift */ = {isa = PBXFileReference; lastKnownFileType = sourcecode.swift; path = WeatherAPIURLConvertible.swift; sourceTree = "<group>"; };
		320AD2392CAFD237003A852B /* NetworkLogger.swift */ = {isa = PBXFileReference; lastKnownFileType = sourcecode.swift; path = NetworkLogger.swift; sourceTree = "<group>"; };
		320AD2402CAFE473003A852B /* WeatherRequest.swift */ = {isa = PBXFileReference; lastKnownFileType = sourcecode.swift; path = WeatherRequest.swift; sourceTree = "<group>"; };
		320AD2422CAFE67E003A852B /* WeatherAPIService.swift */ = {isa = PBXFileReference; lastKnownFileType = sourcecode.swift; path = WeatherAPIService.swift; sourceTree = "<group>"; };
		320AD24A2CB036F7003A852B /* RootViewController.swift */ = {isa = PBXFileReference; lastKnownFileType = sourcecode.swift; path = RootViewController.swift; sourceTree = "<group>"; };
		320AD24C2CB0373D003A852B /* WeatherViewController.swift */ = {isa = PBXFileReference; lastKnownFileType = sourcecode.swift; path = WeatherViewController.swift; sourceTree = "<group>"; };
		320AD24E2CB03E6C003A852B /* WeatherDataViewModel.swift */ = {isa = PBXFileReference; lastKnownFileType = sourcecode.swift; path = WeatherDataViewModel.swift; sourceTree = "<group>"; };
		320AD2502CB0BD91003A852B /* SearchViewController.swift */ = {isa = PBXFileReference; lastKnownFileType = sourcecode.swift; path = SearchViewController.swift; sourceTree = "<group>"; };
		329E633A2CB3C0A500101699 /* Date+.swift */ = {isa = PBXFileReference; lastKnownFileType = sourcecode.swift; path = "Date+.swift"; sourceTree = "<group>"; };
		329E633E2CB3FA0800101699 /* CitySearchViewModel.swift */ = {isa = PBXFileReference; lastKnownFileType = sourcecode.swift; path = CitySearchViewModel.swift; sourceTree = "<group>"; };
		329E63402CB3FAC300101699 /* SearchView.swift */ = {isa = PBXFileReference; lastKnownFileType = sourcecode.swift; path = SearchView.swift; sourceTree = "<group>"; };
		329E63452CB403E500101699 /* CustomCityCell.swift */ = {isa = PBXFileReference; lastKnownFileType = sourcecode.swift; path = CustomCityCell.swift; sourceTree = "<group>"; };
		329E63472CB40F6800101699 /* SearchBar.swift */ = {isa = PBXFileReference; lastKnownFileType = sourcecode.swift; path = SearchBar.swift; sourceTree = "<group>"; };
		329E634A2CB427F500101699 /* citylist.json */ = {isa = PBXFileReference; lastKnownFileType = text.json; path = citylist.json; sourceTree = "<group>"; };
		329E634C2CB42B0700101699 /* CityList.swift */ = {isa = PBXFileReference; lastKnownFileType = sourcecode.swift; path = CityList.swift; sourceTree = "<group>"; };
		329E63502CB53EFD00101699 /* GridWeatherCellView.swift */ = {isa = PBXFileReference; lastKnownFileType = sourcecode.swift; path = GridWeatherCellView.swift; sourceTree = "<group>"; };
		329E63522CB5410300101699 /* GridWeatherView.swift */ = {isa = PBXFileReference; lastKnownFileType = sourcecode.swift; path = GridWeatherView.swift; sourceTree = "<group>"; };
		329E63542CB6364A00101699 /* WeatherDataViewModelTests.swift */ = {isa = PBXFileReference; lastKnownFileType = sourcecode.swift; path = WeatherDataViewModelTests.swift; sourceTree = "<group>"; };
		329E635C2CB6584500101699 /* CollectionBinder.swift */ = {isa = PBXFileReference; lastKnownFileType = sourcecode.swift; path = CollectionBinder.swift; sourceTree = "<group>"; };
		329E635E2CB6CA8600101699 /* FullWeatherData.swift */ = {isa = PBXFileReference; lastKnownFileType = sourcecode.swift; path = FullWeatherData.swift; sourceTree = "<group>"; };
		329E63602CB6F14E00101699 /* WeatherViewFactory.swift */ = {isa = PBXFileReference; lastKnownFileType = sourcecode.swift; path = WeatherViewFactory.swift; sourceTree = "<group>"; };
		329E63622CB6F18B00101699 /* WeatherCollectionViewDataSource.swift */ = {isa = PBXFileReference; lastKnownFileType = sourcecode.swift; path = WeatherCollectionViewDataSource.swift; sourceTree = "<group>"; };
		32C5C08F2CB109E100B5D861 /* WeatherView.swift */ = {isa = PBXFileReference; lastKnownFileType = sourcecode.swift; path = WeatherView.swift; sourceTree = "<group>"; };
		32C5C0912CB12CE100B5D861 /* CityTodayInfoCell.swift */ = {isa = PBXFileReference; lastKnownFileType = sourcecode.swift; path = CityTodayInfoCell.swift; sourceTree = "<group>"; };
		32C5C0932CB181D900B5D861 /* WeatherModel.swift */ = {isa = PBXFileReference; lastKnownFileType = sourcecode.swift; path = WeatherModel.swift; sourceTree = "<group>"; };
		32C5C0972CB1924500B5D861 /* FiveDayInfoCell.swift */ = {isa = PBXFileReference; lastKnownFileType = sourcecode.swift; path = FiveDayInfoCell.swift; sourceTree = "<group>"; };
		32C5C09A2CB192E700B5D861 /* HourlyWeatherCell.swift */ = {isa = PBXFileReference; lastKnownFileType = sourcecode.swift; path = HourlyWeatherCell.swift; sourceTree = "<group>"; };
		32C5C09C2CB1931E00B5D861 /* MapViewCell.swift */ = {isa = PBXFileReference; lastKnownFileType = sourcecode.swift; path = MapViewCell.swift; sourceTree = "<group>"; };
		32C5C0A02CB2968100B5D861 /* UIColor+.swift */ = {isa = PBXFileReference; lastKnownFileType = sourcecode.swift; path = "UIColor+.swift"; sourceTree = "<group>"; };
		32C5C0A22CB2A4E500B5D861 /* SearchCity.swift */ = {isa = PBXFileReference; lastKnownFileType = sourcecode.swift; path = SearchCity.swift; sourceTree = "<group>"; };
		32C5C0A42CB2C2FE00B5D861 /* APIClient.swift */ = {isa = PBXFileReference; lastKnownFileType = sourcecode.swift; path = APIClient.swift; sourceTree = "<group>"; };
/* End PBXFileReference section */

/* Begin PBXFrameworksBuildPhase section */
		320AD1E92CAFC9C1003A852B /* Frameworks */ = {
			isa = PBXFrameworksBuildPhase;
			buildActionMask = 2147483647;
			files = (
				320AD2332CAFCE8E003A852B /* RxRelay in Frameworks */,
				320AD2262CAFCD76003A852B /* SnapKit in Frameworks */,
				320AD2212CAFCD29003A852B /* Alamofire in Frameworks */,
				320AD22F2CAFCE8E003A852B /* RxCocoa in Frameworks */,
				320AD22B2CAFCE8E003A852B /* RxBlocking in Frameworks */,
			);
			runOnlyForDeploymentPostprocessing = 0;
		};
		320AD1FF2CAFC9C5003A852B /* Frameworks */ = {
			isa = PBXFrameworksBuildPhase;
			buildActionMask = 2147483647;
			files = (
				329E635A2CB6387600101699 /* RxSwift in Frameworks */,
				329E63582CB6386F00101699 /* RxTest in Frameworks */,
			);
			runOnlyForDeploymentPostprocessing = 0;
		};
		320AD2092CAFC9C5003A852B /* Frameworks */ = {
			isa = PBXFrameworksBuildPhase;
			buildActionMask = 2147483647;
			files = (
			);
			runOnlyForDeploymentPostprocessing = 0;
		};
/* End PBXFrameworksBuildPhase section */

/* Begin PBXGroup section */
		320AD1E32CAFC9C1003A852B = {
			isa = PBXGroup;
			children = (
				3208674D2CB376A300970DA0 /* Secrets.xcconfig */,
				320AD1EE2CAFC9C1003A852B /* WeatherSearch */,
				320AD2052CAFC9C5003A852B /* WeatherSearchTests */,
				320AD20F2CAFC9C5003A852B /* WeatherSearchUITests */,
				320AD1ED2CAFC9C1003A852B /* Products */,
				3208674C2CB3766800970DA0 /* Untitled.swift */,
				329E63562CB6386F00101699 /* Frameworks */,
			);
			sourceTree = "<group>";
		};
		320AD1ED2CAFC9C1003A852B /* Products */ = {
			isa = PBXGroup;
			children = (
				320AD1EC2CAFC9C1003A852B /* WeatherSearch.app */,
				320AD2022CAFC9C5003A852B /* WeatherSearchTests.xctest */,
				320AD20C2CAFC9C5003A852B /* WeatherSearchUITests.xctest */,
			);
			name = Products;
			sourceTree = "<group>";
		};
		320AD1EE2CAFC9C1003A852B /* WeatherSearch */ = {
			isa = PBXGroup;
			children = (
				329E635B2CB6582700101699 /* CollectionView+ */,
				329E634A2CB427F500101699 /* citylist.json */,
				320AD2492CB03455003A852B /* Model */,
				320AD2482CB03445003A852B /* View */,
				320AD2442CB0341D003A852B /* ViewModel */,
				320AD2342CAFD07A003A852B /* Network */,
				320AD1EF2CAFC9C1003A852B /* AppDelegate.swift */,
				320AD1F12CAFC9C1003A852B /* SceneDelegate.swift */,
				320AD1F52CAFC9C2003A852B /* Main.storyboard */,
				320AD1F82CAFC9C4003A852B /* Assets.xcassets */,
				320AD1FA2CAFC9C4003A852B /* LaunchScreen.storyboard */,
				320AD1FD2CAFC9C4003A852B /* Info.plist */,
				32C5C0A02CB2968100B5D861 /* UIColor+.swift */,
				329E633A2CB3C0A500101699 /* Date+.swift */,
			);
			path = WeatherSearch;
			sourceTree = "<group>";
		};
		320AD2052CAFC9C5003A852B /* WeatherSearchTests */ = {
			isa = PBXGroup;
			children = (
				329E63542CB6364A00101699 /* WeatherDataViewModelTests.swift */,
			);
			path = WeatherSearchTests;
			sourceTree = "<group>";
		};
		320AD20F2CAFC9C5003A852B /* WeatherSearchUITests */ = {
			isa = PBXGroup;
			children = (
				320AD2102CAFC9C5003A852B /* YourWeatherUITests.swift */,
				320AD2122CAFC9C5003A852B /* YourWeatherUITestsLaunchTests.swift */,
			);
			path = WeatherSearchUITests;
			sourceTree = "<group>";
		};
		320AD2342CAFD07A003A852B /* Network */ = {
			isa = PBXGroup;
			children = (
				320AD23B2CAFD248003A852B /* Common */,
				320AD2402CAFE473003A852B /* WeatherRequest.swift */,
				320AD2422CAFE67E003A852B /* WeatherAPIService.swift */,
			);
			path = Network;
			sourceTree = "<group>";
		};
		320AD23B2CAFD248003A852B /* Common */ = {
			isa = PBXGroup;
			children = (
				320AD2352CAFD09A003A852B /* WeatherAPIURLConvertible.swift */,
				320AD2392CAFD237003A852B /* NetworkLogger.swift */,
				32C5C0A42CB2C2FE00B5D861 /* APIClient.swift */,
			);
			path = Common;
			sourceTree = "<group>";
		};
		320AD2442CB0341D003A852B /* ViewModel */ = {
			isa = PBXGroup;
			children = (
				320AD24E2CB03E6C003A852B /* WeatherDataViewModel.swift */,
				329E633E2CB3FA0800101699 /* CitySearchViewModel.swift */,
			);
			path = ViewModel;
			sourceTree = "<group>";
		};
		320AD2482CB03445003A852B /* View */ = {
			isa = PBXGroup;
			children = (
				32C5C0962CB1921E00B5D861 /* Search */,
				32C5C0952CB1920300B5D861 /* Main */,
				320AD24A2CB036F7003A852B /* RootViewController.swift */,
			);
			path = View;
			sourceTree = "<group>";
		};
		320AD2492CB03455003A852B /* Model */ = {
			isa = PBXGroup;
			children = (
				329E634C2CB42B0700101699 /* CityList.swift */,
				32C5C0932CB181D900B5D861 /* WeatherModel.swift */,
				32C5C0A22CB2A4E500B5D861 /* SearchCity.swift */,
				329E635E2CB6CA8600101699 /* FullWeatherData.swift */,
			);
			path = Model;
			sourceTree = "<group>";
		};
		329E63562CB6386F00101699 /* Frameworks */ = {
			isa = PBXGroup;
			children = (
			);
			name = Frameworks;
			sourceTree = "<group>";
		};
		329E635B2CB6582700101699 /* CollectionView+ */ = {
			isa = PBXGroup;
			children = (
				329E635C2CB6584500101699 /* CollectionBinder.swift */,
			);
			path = "CollectionView+";
			sourceTree = "<group>";
		};
		32C5C0952CB1920300B5D861 /* Main */ = {
			isa = PBXGroup;
			children = (
				32C5C0992CB192BF00B5D861 /* Cell */,
				32C5C08F2CB109E100B5D861 /* WeatherView.swift */,
				320AD24C2CB0373D003A852B /* WeatherViewController.swift */,
				329E63602CB6F14E00101699 /* WeatherViewFactory.swift */,
			);
			path = Main;
			sourceTree = "<group>";
		};
		32C5C0962CB1921E00B5D861 /* Search */ = {
			isa = PBXGroup;
			children = (
				329E63472CB40F6800101699 /* SearchBar.swift */,
				320AD2502CB0BD91003A852B /* SearchViewController.swift */,
				329E63402CB3FAC300101699 /* SearchView.swift */,
				329E63452CB403E500101699 /* CustomCityCell.swift */,
			);
			path = Search;
			sourceTree = "<group>";
		};
		32C5C0992CB192BF00B5D861 /* Cell */ = {
			isa = PBXGroup;
			children = (
				32C5C0912CB12CE100B5D861 /* CityTodayInfoCell.swift */,
				32C5C0972CB1924500B5D861 /* FiveDayInfoCell.swift */,
				32C5C09A2CB192E700B5D861 /* HourlyWeatherCell.swift */,
				32C5C09C2CB1931E00B5D861 /* MapViewCell.swift */,
				329E63502CB53EFD00101699 /* GridWeatherCellView.swift */,
				329E63522CB5410300101699 /* GridWeatherView.swift */,
				329E63622CB6F18B00101699 /* WeatherCollectionViewDataSource.swift */,
			);
			path = Cell;
			sourceTree = "<group>";
		};
/* End PBXGroup section */

/* Begin PBXNativeTarget section */
		320AD1EB2CAFC9C1003A852B /* WeatherSearch */ = {
			isa = PBXNativeTarget;
			buildConfigurationList = 320AD2162CAFC9C5003A852B /* Build configuration list for PBXNativeTarget "WeatherSearch" */;
			buildPhases = (
				320AD1E82CAFC9C1003A852B /* Sources */,
				320AD1E92CAFC9C1003A852B /* Frameworks */,
				320AD1EA2CAFC9C1003A852B /* Resources */,
			);
			buildRules = (
			);
			dependencies = (
			);
			name = WeatherSearch;
			packageProductDependencies = (
				320AD2202CAFCD29003A852B /* Alamofire */,
				320AD2252CAFCD76003A852B /* SnapKit */,
				320AD22A2CAFCE8E003A852B /* RxBlocking */,
				320AD22E2CAFCE8E003A852B /* RxCocoa */,
				320AD2322CAFCE8E003A852B /* RxRelay */,
			);
			productName = YourWeather;
			productReference = 320AD1EC2CAFC9C1003A852B /* WeatherSearch.app */;
			productType = "com.apple.product-type.application";
		};
		320AD2012CAFC9C5003A852B /* WeatherSearchTests */ = {
			isa = PBXNativeTarget;
			buildConfigurationList = 320AD2192CAFC9C5003A852B /* Build configuration list for PBXNativeTarget "WeatherSearchTests" */;
			buildPhases = (
				320AD1FE2CAFC9C5003A852B /* Sources */,
				320AD1FF2CAFC9C5003A852B /* Frameworks */,
				320AD2002CAFC9C5003A852B /* Resources */,
			);
			buildRules = (
			);
			dependencies = (
				320AD2042CAFC9C5003A852B /* PBXTargetDependency */,
			);
			name = WeatherSearchTests;
			productName = YourWeatherTests;
			productReference = 320AD2022CAFC9C5003A852B /* WeatherSearchTests.xctest */;
			productType = "com.apple.product-type.bundle.unit-test";
		};
		320AD20B2CAFC9C5003A852B /* WeatherSearchUITests */ = {
			isa = PBXNativeTarget;
			buildConfigurationList = 320AD21C2CAFC9C5003A852B /* Build configuration list for PBXNativeTarget "WeatherSearchUITests" */;
			buildPhases = (
				320AD2082CAFC9C5003A852B /* Sources */,
				320AD2092CAFC9C5003A852B /* Frameworks */,
				320AD20A2CAFC9C5003A852B /* Resources */,
			);
			buildRules = (
			);
			dependencies = (
				320AD20E2CAFC9C5003A852B /* PBXTargetDependency */,
			);
			name = WeatherSearchUITests;
			productName = YourWeatherUITests;
			productReference = 320AD20C2CAFC9C5003A852B /* WeatherSearchUITests.xctest */;
			productType = "com.apple.product-type.bundle.ui-testing";
		};
/* End PBXNativeTarget section */

/* Begin PBXProject section */
		320AD1E42CAFC9C1003A852B /* Project object */ = {
			isa = PBXProject;
			attributes = {
				BuildIndependentTargetsInParallel = 1;
				LastSwiftUpdateCheck = 1540;
				LastUpgradeCheck = 1540;
				TargetAttributes = {
					320AD1EB2CAFC9C1003A852B = {
						CreatedOnToolsVersion = 15.4;
					};
					320AD2012CAFC9C5003A852B = {
						CreatedOnToolsVersion = 15.4;
						LastSwiftMigration = 1600;
						TestTargetID = 320AD1EB2CAFC9C1003A852B;
					};
					320AD20B2CAFC9C5003A852B = {
						CreatedOnToolsVersion = 15.4;
						TestTargetID = 320AD1EB2CAFC9C1003A852B;
					};
				};
			};
			buildConfigurationList = 320AD1E72CAFC9C1003A852B /* Build configuration list for PBXProject "WeatherSearch" */;
			compatibilityVersion = "Xcode 14.0";
			developmentRegion = en;
			hasScannedForEncodings = 0;
			knownRegions = (
				en,
				Base,
			);
			mainGroup = 320AD1E32CAFC9C1003A852B;
			packageReferences = (
				320AD21F2CAFCD29003A852B /* XCRemoteSwiftPackageReference "Alamofire" */,
				320AD2242CAFCD75003A852B /* XCRemoteSwiftPackageReference "SnapKit" */,
				320AD2292CAFCE8E003A852B /* XCRemoteSwiftPackageReference "RxSwift" */,
			);
			productRefGroup = 320AD1ED2CAFC9C1003A852B /* Products */;
			projectDirPath = "";
			projectRoot = "";
			targets = (
				320AD1EB2CAFC9C1003A852B /* WeatherSearch */,
				320AD2012CAFC9C5003A852B /* WeatherSearchTests */,
				320AD20B2CAFC9C5003A852B /* WeatherSearchUITests */,
			);
		};
/* End PBXProject section */

/* Begin PBXResourcesBuildPhase section */
		320AD1EA2CAFC9C1003A852B /* Resources */ = {
			isa = PBXResourcesBuildPhase;
			buildActionMask = 2147483647;
			files = (
				320AD1F92CAFC9C4003A852B /* Assets.xcassets in Resources */,
				320AD1FC2CAFC9C4003A852B /* Base in Resources */,
				329E634B2CB427F500101699 /* citylist.json in Resources */,
				320AD1F72CAFC9C2003A852B /* Base in Resources */,
			);
			runOnlyForDeploymentPostprocessing = 0;
		};
		320AD2002CAFC9C5003A852B /* Resources */ = {
			isa = PBXResourcesBuildPhase;
			buildActionMask = 2147483647;
			files = (
			);
			runOnlyForDeploymentPostprocessing = 0;
		};
		320AD20A2CAFC9C5003A852B /* Resources */ = {
			isa = PBXResourcesBuildPhase;
			buildActionMask = 2147483647;
			files = (
			);
			runOnlyForDeploymentPostprocessing = 0;
		};
/* End PBXResourcesBuildPhase section */

/* Begin PBXSourcesBuildPhase section */
		320AD1E82CAFC9C1003A852B /* Sources */ = {
			isa = PBXSourcesBuildPhase;
			buildActionMask = 2147483647;
			files = (
				320AD2432CAFE67E003A852B /* WeatherAPIService.swift in Sources */,
				320AD24D2CB0373D003A852B /* WeatherViewController.swift in Sources */,
				320AD23A2CAFD237003A852B /* NetworkLogger.swift in Sources */,
				329E63482CB40F6E00101699 /* SearchBar.swift in Sources */,
				320AD24F2CB03E6C003A852B /* WeatherDataViewModel.swift in Sources */,
				329E635D2CB6584500101699 /* CollectionBinder.swift in Sources */,
				329E63412CB3FAC300101699 /* SearchView.swift in Sources */,
				32C5C09B2CB192E700B5D861 /* HourlyWeatherCell.swift in Sources */,
				32C5C0982CB1924500B5D861 /* FiveDayInfoCell.swift in Sources */,
				32C5C0942CB181D900B5D861 /* WeatherModel.swift in Sources */,
				329E63532CB5410300101699 /* GridWeatherView.swift in Sources */,
				320AD24B2CB036F7003A852B /* RootViewController.swift in Sources */,
				32C5C0A52CB2C2FE00B5D861 /* APIClient.swift in Sources */,
				32C5C0902CB109E100B5D861 /* WeatherView.swift in Sources */,
				329E63612CB6F14E00101699 /* WeatherViewFactory.swift in Sources */,
				329E635F2CB6CA8600101699 /* FullWeatherData.swift in Sources */,
				32C5C0A12CB2968100B5D861 /* UIColor+.swift in Sources */,
				329E63632CB6F18B00101699 /* WeatherCollectionViewDataSource.swift in Sources */,
				32C5C0A32CB2A4E500B5D861 /* SearchCity.swift in Sources */,
				320AD2512CB0BD92003A852B /* SearchViewController.swift in Sources */,
				329E63512CB53EFD00101699 /* GridWeatherCellView.swift in Sources */,
				329E633F2CB3FA0800101699 /* CitySearchViewModel.swift in Sources */,
				329E634D2CB42B0C00101699 /* CityList.swift in Sources */,
				32C5C0922CB12CE100B5D861 /* CityTodayInfoCell.swift in Sources */,
				320AD1F02CAFC9C1003A852B /* AppDelegate.swift in Sources */,
				320AD1F22CAFC9C1003A852B /* SceneDelegate.swift in Sources */,
				329E633B2CB3C0A500101699 /* Date+.swift in Sources */,
				320AD2412CAFE473003A852B /* WeatherRequest.swift in Sources */,
				329E63462CB403E500101699 /* CustomCityCell.swift in Sources */,
				32C5C09D2CB1931F00B5D861 /* MapViewCell.swift in Sources */,
				320AD2362CAFD09A003A852B /* WeatherAPIURLConvertible.swift in Sources */,
			);
			runOnlyForDeploymentPostprocessing = 0;
		};
		320AD1FE2CAFC9C5003A852B /* Sources */ = {
			isa = PBXSourcesBuildPhase;
			buildActionMask = 2147483647;
			files = (
				329E63552CB6364A00101699 /* WeatherDataViewModelTests.swift in Sources */,
			);
			runOnlyForDeploymentPostprocessing = 0;
		};
		320AD2082CAFC9C5003A852B /* Sources */ = {
			isa = PBXSourcesBuildPhase;
			buildActionMask = 2147483647;
			files = (
				320AD2132CAFC9C5003A852B /* YourWeatherUITestsLaunchTests.swift in Sources */,
				320AD2112CAFC9C5003A852B /* YourWeatherUITests.swift in Sources */,
			);
			runOnlyForDeploymentPostprocessing = 0;
		};
/* End PBXSourcesBuildPhase section */

/* Begin PBXTargetDependency section */
		320AD2042CAFC9C5003A852B /* PBXTargetDependency */ = {
			isa = PBXTargetDependency;
			target = 320AD1EB2CAFC9C1003A852B /* WeatherSearch */;
			targetProxy = 320AD2032CAFC9C5003A852B /* PBXContainerItemProxy */;
		};
		320AD20E2CAFC9C5003A852B /* PBXTargetDependency */ = {
			isa = PBXTargetDependency;
			target = 320AD1EB2CAFC9C1003A852B /* WeatherSearch */;
			targetProxy = 320AD20D2CAFC9C5003A852B /* PBXContainerItemProxy */;
		};
/* End PBXTargetDependency section */

/* Begin PBXVariantGroup section */
		320AD1F52CAFC9C2003A852B /* Main.storyboard */ = {
			isa = PBXVariantGroup;
			children = (
				320AD1F62CAFC9C2003A852B /* Base */,
			);
			name = Main.storyboard;
			sourceTree = "<group>";
		};
		320AD1FA2CAFC9C4003A852B /* LaunchScreen.storyboard */ = {
			isa = PBXVariantGroup;
			children = (
				320AD1FB2CAFC9C4003A852B /* Base */,
			);
			name = LaunchScreen.storyboard;
			sourceTree = "<group>";
		};
/* End PBXVariantGroup section */

/* Begin XCBuildConfiguration section */
		320AD2142CAFC9C5003A852B /* Debug */ = {
			isa = XCBuildConfiguration;
			buildSettings = {
				ALWAYS_SEARCH_USER_PATHS = NO;
				ASSETCATALOG_COMPILER_GENERATE_SWIFT_ASSET_SYMBOL_EXTENSIONS = YES;
				CLANG_ANALYZER_NONNULL = YES;
				CLANG_ANALYZER_NUMBER_OBJECT_CONVERSION = YES_AGGRESSIVE;
				CLANG_CXX_LANGUAGE_STANDARD = "gnu++20";
				CLANG_ENABLE_MODULES = YES;
				CLANG_ENABLE_OBJC_ARC = YES;
				CLANG_ENABLE_OBJC_WEAK = YES;
				CLANG_WARN_BLOCK_CAPTURE_AUTORELEASING = YES;
				CLANG_WARN_BOOL_CONVERSION = YES;
				CLANG_WARN_COMMA = YES;
				CLANG_WARN_CONSTANT_CONVERSION = YES;
				CLANG_WARN_DEPRECATED_OBJC_IMPLEMENTATIONS = YES;
				CLANG_WARN_DIRECT_OBJC_ISA_USAGE = YES_ERROR;
				CLANG_WARN_DOCUMENTATION_COMMENTS = YES;
				CLANG_WARN_EMPTY_BODY = YES;
				CLANG_WARN_ENUM_CONVERSION = YES;
				CLANG_WARN_INFINITE_RECURSION = YES;
				CLANG_WARN_INT_CONVERSION = YES;
				CLANG_WARN_NON_LITERAL_NULL_CONVERSION = YES;
				CLANG_WARN_OBJC_IMPLICIT_RETAIN_SELF = YES;
				CLANG_WARN_OBJC_LITERAL_CONVERSION = YES;
				CLANG_WARN_OBJC_ROOT_CLASS = YES_ERROR;
				CLANG_WARN_QUOTED_INCLUDE_IN_FRAMEWORK_HEADER = YES;
				CLANG_WARN_RANGE_LOOP_ANALYSIS = YES;
				CLANG_WARN_STRICT_PROTOTYPES = YES;
				CLANG_WARN_SUSPICIOUS_MOVE = YES;
				CLANG_WARN_UNGUARDED_AVAILABILITY = YES_AGGRESSIVE;
				CLANG_WARN_UNREACHABLE_CODE = YES;
				CLANG_WARN__DUPLICATE_METHOD_MATCH = YES;
				COPY_PHASE_STRIP = NO;
				DEBUG_INFORMATION_FORMAT = dwarf;
				ENABLE_STRICT_OBJC_MSGSEND = YES;
				ENABLE_TESTABILITY = YES;
				ENABLE_USER_SCRIPT_SANDBOXING = YES;
				GCC_C_LANGUAGE_STANDARD = gnu17;
				GCC_DYNAMIC_NO_PIC = NO;
				GCC_NO_COMMON_BLOCKS = YES;
				GCC_OPTIMIZATION_LEVEL = 0;
				GCC_PREPROCESSOR_DEFINITIONS = (
					"DEBUG=1",
					"$(inherited)",
				);
				GCC_WARN_64_TO_32_BIT_CONVERSION = YES;
				GCC_WARN_ABOUT_RETURN_TYPE = YES_ERROR;
				GCC_WARN_UNDECLARED_SELECTOR = YES;
				GCC_WARN_UNINITIALIZED_AUTOS = YES_AGGRESSIVE;
				GCC_WARN_UNUSED_FUNCTION = YES;
				GCC_WARN_UNUSED_VARIABLE = YES;
				IPHONEOS_DEPLOYMENT_TARGET = 17.5;
				LOCALIZATION_PREFERS_STRING_CATALOGS = YES;
				MTL_ENABLE_DEBUG_INFO = INCLUDE_SOURCE;
				MTL_FAST_MATH = YES;
				ONLY_ACTIVE_ARCH = YES;
				SDKROOT = iphoneos;
				SWIFT_ACTIVE_COMPILATION_CONDITIONS = "DEBUG $(inherited)";
				SWIFT_OPTIMIZATION_LEVEL = "-Onone";
			};
			name = Debug;
		};
		320AD2152CAFC9C5003A852B /* Release */ = {
			isa = XCBuildConfiguration;
			buildSettings = {
				ALWAYS_SEARCH_USER_PATHS = NO;
				ASSETCATALOG_COMPILER_GENERATE_SWIFT_ASSET_SYMBOL_EXTENSIONS = YES;
				CLANG_ANALYZER_NONNULL = YES;
				CLANG_ANALYZER_NUMBER_OBJECT_CONVERSION = YES_AGGRESSIVE;
				CLANG_CXX_LANGUAGE_STANDARD = "gnu++20";
				CLANG_ENABLE_MODULES = YES;
				CLANG_ENABLE_OBJC_ARC = YES;
				CLANG_ENABLE_OBJC_WEAK = YES;
				CLANG_WARN_BLOCK_CAPTURE_AUTORELEASING = YES;
				CLANG_WARN_BOOL_CONVERSION = YES;
				CLANG_WARN_COMMA = YES;
				CLANG_WARN_CONSTANT_CONVERSION = YES;
				CLANG_WARN_DEPRECATED_OBJC_IMPLEMENTATIONS = YES;
				CLANG_WARN_DIRECT_OBJC_ISA_USAGE = YES_ERROR;
				CLANG_WARN_DOCUMENTATION_COMMENTS = YES;
				CLANG_WARN_EMPTY_BODY = YES;
				CLANG_WARN_ENUM_CONVERSION = YES;
				CLANG_WARN_INFINITE_RECURSION = YES;
				CLANG_WARN_INT_CONVERSION = YES;
				CLANG_WARN_NON_LITERAL_NULL_CONVERSION = YES;
				CLANG_WARN_OBJC_IMPLICIT_RETAIN_SELF = YES;
				CLANG_WARN_OBJC_LITERAL_CONVERSION = YES;
				CLANG_WARN_OBJC_ROOT_CLASS = YES_ERROR;
				CLANG_WARN_QUOTED_INCLUDE_IN_FRAMEWORK_HEADER = YES;
				CLANG_WARN_RANGE_LOOP_ANALYSIS = YES;
				CLANG_WARN_STRICT_PROTOTYPES = YES;
				CLANG_WARN_SUSPICIOUS_MOVE = YES;
				CLANG_WARN_UNGUARDED_AVAILABILITY = YES_AGGRESSIVE;
				CLANG_WARN_UNREACHABLE_CODE = YES;
				CLANG_WARN__DUPLICATE_METHOD_MATCH = YES;
				COPY_PHASE_STRIP = NO;
				DEBUG_INFORMATION_FORMAT = "dwarf-with-dsym";
				ENABLE_NS_ASSERTIONS = NO;
				ENABLE_STRICT_OBJC_MSGSEND = YES;
				ENABLE_USER_SCRIPT_SANDBOXING = YES;
				GCC_C_LANGUAGE_STANDARD = gnu17;
				GCC_NO_COMMON_BLOCKS = YES;
				GCC_WARN_64_TO_32_BIT_CONVERSION = YES;
				GCC_WARN_ABOUT_RETURN_TYPE = YES_ERROR;
				GCC_WARN_UNDECLARED_SELECTOR = YES;
				GCC_WARN_UNINITIALIZED_AUTOS = YES_AGGRESSIVE;
				GCC_WARN_UNUSED_FUNCTION = YES;
				GCC_WARN_UNUSED_VARIABLE = YES;
				IPHONEOS_DEPLOYMENT_TARGET = 17.5;
				LOCALIZATION_PREFERS_STRING_CATALOGS = YES;
				MTL_ENABLE_DEBUG_INFO = NO;
				MTL_FAST_MATH = YES;
				SDKROOT = iphoneos;
				SWIFT_COMPILATION_MODE = wholemodule;
				VALIDATE_PRODUCT = YES;
			};
			name = Release;
		};
		320AD2172CAFC9C5003A852B /* Debug */ = {
			isa = XCBuildConfiguration;
			baseConfigurationReference = 3208674D2CB376A300970DA0 /* Secrets.xcconfig */;
			buildSettings = {
				ASSETCATALOG_COMPILER_APPICON_NAME = AppIcon;
				ASSETCATALOG_COMPILER_GLOBAL_ACCENT_COLOR_NAME = AccentColor;
				CODE_SIGN_STYLE = Automatic;
				CURRENT_PROJECT_VERSION = 1;
				DEVELOPMENT_TEAM = PZBDGNTXT5;
				GENERATE_INFOPLIST_FILE = YES;
				INFOPLIST_FILE = WeatherSearch/Info.plist;
				INFOPLIST_KEY_UIApplicationSupportsIndirectInputEvents = YES;
				INFOPLIST_KEY_UILaunchStoryboardName = LaunchScreen;
				INFOPLIST_KEY_UIMainStoryboardFile = Main;
				INFOPLIST_KEY_UISupportedInterfaceOrientations_iPad = "UIInterfaceOrientationPortrait UIInterfaceOrientationPortraitUpsideDown UIInterfaceOrientationLandscapeLeft UIInterfaceOrientationLandscapeRight";
				INFOPLIST_KEY_UISupportedInterfaceOrientations_iPhone = "UIInterfaceOrientationPortrait UIInterfaceOrientationLandscapeLeft UIInterfaceOrientationLandscapeRight";
				IPHONEOS_DEPLOYMENT_TARGET = 17.0;
				LD_RUNPATH_SEARCH_PATHS = (
					"$(inherited)",
					"@executable_path/Frameworks",
				);
				MARKETING_VERSION = 1.0;
				PRODUCT_BUNDLE_IDENTIFIER = com.gy.WeatherSearch;
				PRODUCT_NAME = "$(TARGET_NAME)";
				SWIFT_EMIT_LOC_STRINGS = YES;
				SWIFT_VERSION = 5.0;
				TARGETED_DEVICE_FAMILY = "1,2";
			};
			name = Debug;
		};
		320AD2182CAFC9C5003A852B /* Release */ = {
			isa = XCBuildConfiguration;
			baseConfigurationReference = 3208674D2CB376A300970DA0 /* Secrets.xcconfig */;
			buildSettings = {
				ASSETCATALOG_COMPILER_APPICON_NAME = AppIcon;
				ASSETCATALOG_COMPILER_GLOBAL_ACCENT_COLOR_NAME = AccentColor;
				CODE_SIGN_STYLE = Automatic;
				CURRENT_PROJECT_VERSION = 1;
				DEVELOPMENT_TEAM = PZBDGNTXT5;
				GENERATE_INFOPLIST_FILE = YES;
				INFOPLIST_FILE = WeatherSearch/Info.plist;
				INFOPLIST_KEY_UIApplicationSupportsIndirectInputEvents = YES;
				INFOPLIST_KEY_UILaunchStoryboardName = LaunchScreen;
				INFOPLIST_KEY_UIMainStoryboardFile = Main;
				INFOPLIST_KEY_UISupportedInterfaceOrientations_iPad = "UIInterfaceOrientationPortrait UIInterfaceOrientationPortraitUpsideDown UIInterfaceOrientationLandscapeLeft UIInterfaceOrientationLandscapeRight";
				INFOPLIST_KEY_UISupportedInterfaceOrientations_iPhone = "UIInterfaceOrientationPortrait UIInterfaceOrientationLandscapeLeft UIInterfaceOrientationLandscapeRight";
				IPHONEOS_DEPLOYMENT_TARGET = 17.0;
				LD_RUNPATH_SEARCH_PATHS = (
					"$(inherited)",
					"@executable_path/Frameworks",
				);
				MARKETING_VERSION = 1.0;
				PRODUCT_BUNDLE_IDENTIFIER = com.gy.WeatherSearch;
				PRODUCT_NAME = "$(TARGET_NAME)";
				SWIFT_EMIT_LOC_STRINGS = YES;
				SWIFT_VERSION = 5.0;
				TARGETED_DEVICE_FAMILY = "1,2";
			};
			name = Release;
		};
		320AD21A2CAFC9C5003A852B /* Debug */ = {
			isa = XCBuildConfiguration;
			buildSettings = {
				BUNDLE_LOADER = "$(TEST_HOST)";
				CLANG_ENABLE_MODULES = YES;
				CODE_SIGN_STYLE = Automatic;
				CURRENT_PROJECT_VERSION = 1;
				DEVELOPMENT_TEAM = PZBDGNTXT5;
				GENERATE_INFOPLIST_FILE = YES;
				IPHONEOS_DEPLOYMENT_TARGET = 17.5;
				MARKETING_VERSION = 1.0;
				PRODUCT_BUNDLE_IDENTIFIER = com.gy.YourWeatherTests;
				PRODUCT_NAME = "$(TARGET_NAME)";
				SWIFT_EMIT_LOC_STRINGS = NO;
				SWIFT_OPTIMIZATION_LEVEL = "-Onone";
				SWIFT_VERSION = 5.0;
				TARGETED_DEVICE_FAMILY = "1,2";
				TEST_HOST = "$(BUILT_PRODUCTS_DIR)/WeatherSearch.app/$(BUNDLE_EXECUTABLE_FOLDER_PATH)/WeatherSearch";
			};
			name = Debug;
		};
		320AD21B2CAFC9C5003A852B /* Release */ = {
			isa = XCBuildConfiguration;
			buildSettings = {
				BUNDLE_LOADER = "$(TEST_HOST)";
				CLANG_ENABLE_MODULES = YES;
				CODE_SIGN_STYLE = Automatic;
				CURRENT_PROJECT_VERSION = 1;
				DEVELOPMENT_TEAM = PZBDGNTXT5;
				GENERATE_INFOPLIST_FILE = YES;
				IPHONEOS_DEPLOYMENT_TARGET = 17.5;
				MARKETING_VERSION = 1.0;
				PRODUCT_BUNDLE_IDENTIFIER = com.gy.YourWeatherTests;
				PRODUCT_NAME = "$(TARGET_NAME)";
				SWIFT_EMIT_LOC_STRINGS = NO;
				SWIFT_VERSION = 5.0;
				TARGETED_DEVICE_FAMILY = "1,2";
				TEST_HOST = "$(BUILT_PRODUCTS_DIR)/WeatherSearch.app/$(BUNDLE_EXECUTABLE_FOLDER_PATH)/WeatherSearch";
			};
			name = Release;
		};
		320AD21D2CAFC9C5003A852B /* Debug */ = {
			isa = XCBuildConfiguration;
			buildSettings = {
				CODE_SIGN_STYLE = Automatic;
				CURRENT_PROJECT_VERSION = 1;
				DEVELOPMENT_TEAM = PZBDGNTXT5;
				GENERATE_INFOPLIST_FILE = YES;
				MARKETING_VERSION = 1.0;
				PRODUCT_BUNDLE_IDENTIFIER = com.gy.YourWeatherUITests;
				PRODUCT_NAME = "$(TARGET_NAME)";
				SWIFT_EMIT_LOC_STRINGS = NO;
				SWIFT_VERSION = 5.0;
				TARGETED_DEVICE_FAMILY = "1,2";
				TEST_TARGET_NAME = YourWeather;
			};
			name = Debug;
		};
		320AD21E2CAFC9C5003A852B /* Release */ = {
			isa = XCBuildConfiguration;
			buildSettings = {
				CODE_SIGN_STYLE = Automatic;
				CURRENT_PROJECT_VERSION = 1;
				DEVELOPMENT_TEAM = PZBDGNTXT5;
				GENERATE_INFOPLIST_FILE = YES;
				MARKETING_VERSION = 1.0;
				PRODUCT_BUNDLE_IDENTIFIER = com.gy.YourWeatherUITests;
				PRODUCT_NAME = "$(TARGET_NAME)";
				SWIFT_EMIT_LOC_STRINGS = NO;
				SWIFT_VERSION = 5.0;
				TARGETED_DEVICE_FAMILY = "1,2";
				TEST_TARGET_NAME = YourWeather;
			};
			name = Release;
		};
/* End XCBuildConfiguration section */

/* Begin XCConfigurationList section */
		320AD1E72CAFC9C1003A852B /* Build configuration list for PBXProject "WeatherSearch" */ = {
			isa = XCConfigurationList;
			buildConfigurations = (
				320AD2142CAFC9C5003A852B /* Debug */,
				320AD2152CAFC9C5003A852B /* Release */,
			);
			defaultConfigurationIsVisible = 0;
			defaultConfigurationName = Release;
		};
		320AD2162CAFC9C5003A852B /* Build configuration list for PBXNativeTarget "WeatherSearch" */ = {
			isa = XCConfigurationList;
			buildConfigurations = (
				320AD2172CAFC9C5003A852B /* Debug */,
				320AD2182CAFC9C5003A852B /* Release */,
			);
			defaultConfigurationIsVisible = 0;
			defaultConfigurationName = Release;
		};
		320AD2192CAFC9C5003A852B /* Build configuration list for PBXNativeTarget "WeatherSearchTests" */ = {
			isa = XCConfigurationList;
			buildConfigurations = (
				320AD21A2CAFC9C5003A852B /* Debug */,
				320AD21B2CAFC9C5003A852B /* Release */,
			);
			defaultConfigurationIsVisible = 0;
			defaultConfigurationName = Release;
		};
		320AD21C2CAFC9C5003A852B /* Build configuration list for PBXNativeTarget "WeatherSearchUITests" */ = {
			isa = XCConfigurationList;
			buildConfigurations = (
				320AD21D2CAFC9C5003A852B /* Debug */,
				320AD21E2CAFC9C5003A852B /* Release */,
			);
			defaultConfigurationIsVisible = 0;
			defaultConfigurationName = Release;
		};
/* End XCConfigurationList section */

/* Begin XCRemoteSwiftPackageReference section */
		320AD21F2CAFCD29003A852B /* XCRemoteSwiftPackageReference "Alamofire" */ = {
			isa = XCRemoteSwiftPackageReference;
			repositoryURL = "https://github.com/Alamofire/Alamofire.git";
			requirement = {
				kind = upToNextMajorVersion;
				minimumVersion = 5.9.1;
			};
		};
		320AD2242CAFCD75003A852B /* XCRemoteSwiftPackageReference "SnapKit" */ = {
			isa = XCRemoteSwiftPackageReference;
			repositoryURL = "https://github.com/SnapKit/SnapKit.git";
			requirement = {
				kind = upToNextMajorVersion;
				minimumVersion = 5.0.1;
			};
		};
		320AD2292CAFCE8E003A852B /* XCRemoteSwiftPackageReference "RxSwift" */ = {
			isa = XCRemoteSwiftPackageReference;
			repositoryURL = "https://github.com/ReactiveX/RxSwift.git";
			requirement = {
				kind = upToNextMajorVersion;
				minimumVersion = 6.0.0;
			};
		};
/* End XCRemoteSwiftPackageReference section */

/* Begin XCSwiftPackageProductDependency section */
		320AD2202CAFCD29003A852B /* Alamofire */ = {
			isa = XCSwiftPackageProductDependency;
			package = 320AD21F2CAFCD29003A852B /* XCRemoteSwiftPackageReference "Alamofire" */;
			productName = Alamofire;
		};
		320AD2252CAFCD76003A852B /* SnapKit */ = {
			isa = XCSwiftPackageProductDependency;
			package = 320AD2242CAFCD75003A852B /* XCRemoteSwiftPackageReference "SnapKit" */;
			productName = SnapKit;
		};
		320AD22A2CAFCE8E003A852B /* RxBlocking */ = {
			isa = XCSwiftPackageProductDependency;
			package = 320AD2292CAFCE8E003A852B /* XCRemoteSwiftPackageReference "RxSwift" */;
			productName = RxBlocking;
		};
		320AD22E2CAFCE8E003A852B /* RxCocoa */ = {
			isa = XCSwiftPackageProductDependency;
			package = 320AD2292CAFCE8E003A852B /* XCRemoteSwiftPackageReference "RxSwift" */;
			productName = RxCocoa;
		};
		320AD2322CAFCE8E003A852B /* RxRelay */ = {
			isa = XCSwiftPackageProductDependency;
			package = 320AD2292CAFCE8E003A852B /* XCRemoteSwiftPackageReference "RxSwift" */;
			productName = RxRelay;
		};
		329E63572CB6386F00101699 /* RxTest */ = {
			isa = XCSwiftPackageProductDependency;
			package = 320AD2292CAFCE8E003A852B /* XCRemoteSwiftPackageReference "RxSwift" */;
			productName = RxTest;
		};
		329E63592CB6387600101699 /* RxSwift */ = {
			isa = XCSwiftPackageProductDependency;
			package = 320AD2292CAFCE8E003A852B /* XCRemoteSwiftPackageReference "RxSwift" */;
			productName = RxSwift;
		};
/* End XCSwiftPackageProductDependency section */
	};
	rootObject = 320AD1E42CAFC9C1003A852B /* Project object */;
}
